
Microsoft Visual Studio Solution File, Format Version 12.00
# Visual Studio Version 16
VisualStudioVersion = 16.0.31019.35
MinimumVisualStudioVersion = 10.0.40219.1
Project("{FAE04EC0-301F-11D3-BF4B-00C04F79EFBC}") = "Converter (from dat to xml)", "Converter (from dat to xml)\Converter (from dat to xml).csproj", "{4A7C0B51-CE9A-4B9A-AC3D-5D6376CCEAF9}"
EndProject
Project("{FAE04EC0-301F-11D3-BF4B-00C04F79EFBC}") = "Converter (from xml to dat)", "Converter (from xml to dat)\Converter (from xml to dat).csproj", "{53E6BB3B-07F1-4428-B656-E7C7492C1754}"
EndProject
Global
	GlobalSection(SolutionConfigurationPlatforms) = preSolution
		Debug|Any CPU = Debug|Any CPU
		Release|Any CPU = Release|Any CPU
	EndGlobalSection
	GlobalSection(ProjectConfigurationPlatforms) = postSolution
		{4A7C0B51-CE9A-4B9A-AC3D-5D6376CCEAF9}.Debug|Any CPU.ActiveCfg = Debug|Any CPU
		{4A7C0B51-CE9A-4B9A-AC3D-5D6376CCEAF9}.Debug|Any CPU.Build.0 = Debug|Any CPU
		{4A7C0B51-CE9A-4B9A-AC3D-5D6376CCEAF9}.Release|Any CPU.ActiveCfg = Release|Any CPU
		{4A7C0B51-CE9A-4B9A-AC3D-5D6376CCEAF9}.Release|Any CPU.Build.0 = Release|Any CPU
		{53E6BB3B-07F1-4428-B656-E7C7492C1754}.Debug|Any CPU.ActiveCfg = Debug|Any CPU
		{53E6BB3B-07F1-4428-B656-E7C7492C1754}.Debug|Any CPU.Build.0 = Debug|Any CPU
		{53E6BB3B-07F1-4428-B656-E7C7492C1754}.Release|Any CPU.ActiveCfg = Release|Any CPU
		{53E6BB3B-07F1-4428-B656-E7C7492C1754}.Release|Any CPU.Build.0 = Release|Any CPU
	EndGlobalSection
	GlobalSection(SolutionProperties) = preSolution
		HideSolutionNode = FALSE
	EndGlobalSection
	GlobalSection(ExtensibilityGlobals) = postSolution
		SolutionGuid = {B4FF5695-D6BB-4CB4-9328-37A77AA75C91}
	EndGlobalSection
EndGlobal
